// !$*UTF8*$!
{
	archiveVersion = 1;
	classes = {
	};
	objectVersion = 48;
	objects = {

/* Begin PBXBuildFile section */
		A28D57B920C93B0A003DF36C /* AppDelegate.m in Sources */ = {isa = PBXBuildFile; fileRef = A28D57B820C93B0A003DF36C /* AppDelegate.m */; };
		A28D57BC20C93B0A003DF36C /* ViewController.m in Sources */ = {isa = PBXBuildFile; fileRef = A28D57BB20C93B0A003DF36C /* ViewController.m */; };
		A28D57C220C93B0A003DF36C /* imageProcessing.xcdatamodeld in Sources */ = {isa = PBXBuildFile; fileRef = A28D57C020C93B0A003DF36C /* imageProcessing.xcdatamodeld */; };
		A28D57C420C93B0A003DF36C /* Assets.xcassets in Resources */ = {isa = PBXBuildFile; fileRef = A28D57C320C93B0A003DF36C /* Assets.xcassets */; };
		A28D57C720C93B0A003DF36C /* LaunchScreen.storyboard in Resources */ = {isa = PBXBuildFile; fileRef = A28D57C520C93B0A003DF36C /* LaunchScreen.storyboard */; };
		A28D57CA20C93B0A003DF36C /* main.m in Sources */ = {isa = PBXBuildFile; fileRef = A28D57C920C93B0A003DF36C /* main.m */; };
		A28D57D220C93F5F003DF36C /* TYImageProcessingViewController.m in Sources */ = {isa = PBXBuildFile; fileRef = A28D57D120C93F5F003DF36C /* TYImageProcessingViewController.m */; };
/* End PBXBuildFile section */

/* Begin PBXFileReference section */
		A28D57B420C93B0A003DF36C /* imageProcessing.app */ = {isa = PBXFileReference; explicitFileType = wrapper.application; includeInIndex = 0; path = imageProcessing.app; sourceTree = BUILT_PRODUCTS_DIR; };
		A28D57B720C93B0A003DF36C /* AppDelegate.h */ = {isa = PBXFileReference; lastKnownFileType = sourcecode.c.h; path = AppDelegate.h; sourceTree = "<group>"; };
		A28D57B820C93B0A003DF36C /* AppDelegate.m */ = {isa = PBXFileReference; lastKnownFileType = sourcecode.c.objc; path = AppDelegate.m; sourceTree = "<group>"; };
		A28D57BA20C93B0A003DF36C /* ViewController.h */ = {isa = PBXFileReference; lastKnownFileType = sourcecode.c.h; path = ViewController.h; sourceTree = "<group>"; };
		A28D57BB20C93B0A003DF36C /* ViewController.m */ = {isa = PBXFileReference; lastKnownFileType = sourcecode.c.objc; path = ViewController.m; sourceTree = "<group>"; };
		A28D57C120C93B0A003DF36C /* imageProcessing.xcdatamodel */ = {isa = PBXFileReference; lastKnownFileType = wrapper.xcdatamodel; path = imageProcessing.xcdatamodel; sourceTree = "<group>"; };
		A28D57C320C93B0A003DF36C /* Assets.xcassets */ = {isa = PBXFileReference; lastKnownFileType = folder.assetcatalog; path = Assets.xcassets; sourceTree = "<group>"; };
		A28D57C620C93B0A003DF36C /* Base */ = {isa = PBXFileReference; lastKnownFileType = file.storyboard; name = Base; path = Base.lproj/LaunchScreen.storyboard; sourceTree = "<group>"; };
		A28D57C820C93B0A003DF36C /* Info.plist */ = {isa = PBXFileReference; lastKnownFileType = text.plist.xml; path = Info.plist; sourceTree = "<group>"; };
		A28D57C920C93B0A003DF36C /* main.m */ = {isa = PBXFileReference; lastKnownFileType = sourcecode.c.objc; path = main.m; sourceTree = "<group>"; };
		A28D57D020C93F5F003DF36C /* TYImageProcessingViewController.h */ = {isa = PBXFileReference; lastKnownFileType = sourcecode.c.h; path = TYImageProcessingViewController.h; sourceTree = "<group>"; };
		A28D57D120C93F5F003DF36C /* TYImageProcessingViewController.m */ = {isa = PBXFileReference; lastKnownFileType = sourcecode.c.objc; path = TYImageProcessingViewController.m; sourceTree = "<group>"; };
/* End PBXFileReference section */

/* Begin PBXFrameworksBuildPhase section */
		A28D57B120C93B0A003DF36C /* Frameworks */ = {
			isa = PBXFrameworksBuildPhase;
			buildActionMask = 2147483647;
			files = (
			);
			runOnlyForDeploymentPostprocessing = 0;
		};
/* End PBXFrameworksBuildPhase section */

/* Begin PBXGroup section */
		A28D57AB20C93B0A003DF36C = {
			isa = PBXGroup;
			children = (
				A28D57B620C93B0A003DF36C /* imageProcessing */,
				A28D57B520C93B0A003DF36C /* Products */,
			);
			sourceTree = "<group>";
		};
		A28D57B520C93B0A003DF36C /* Products */ = {
			isa = PBXGroup;
			children = (
				A28D57B420C93B0A003DF36C /* imageProcessing.app */,
			);
			name = Products;
			sourceTree = "<group>";
		};
		A28D57B620C93B0A003DF36C /* imageProcessing */ = {
			isa = PBXGroup;
			children = (
				A28D57B720C93B0A003DF36C /* AppDelegate.h */,
				A28D57B820C93B0A003DF36C /* AppDelegate.m */,
				A28D57BA20C93B0A003DF36C /* ViewController.h */,
				A28D57BB20C93B0A003DF36C /* ViewController.m */,
				A28D57D020C93F5F003DF36C /* TYImageProcessingViewController.h */,
				A28D57D120C93F5F003DF36C /* TYImageProcessingViewController.m */,
				A28D57C320C93B0A003DF36C /* Assets.xcassets */,
				A28D57C520C93B0A003DF36C /* LaunchScreen.storyboard */,
				A28D57C820C93B0A003DF36C /* Info.plist */,
				A28D57C920C93B0A003DF36C /* main.m */,
				A28D57C020C93B0A003DF36C /* imageProcessing.xcdatamodeld */,
			);
			path = imageProcessing;
			sourceTree = "<group>";
		};
/* End PBXGroup section */

/* Begin PBXNativeTarget section */
		A28D57B320C93B0A003DF36C /* imageProcessing */ = {
			isa = PBXNativeTarget;
			buildConfigurationList = A28D57CD20C93B0A003DF36C /* Build configuration list for PBXNativeTarget "imageProcessing" */;
			buildPhases = (
				A28D57B020C93B0A003DF36C /* Sources */,
				A28D57B120C93B0A003DF36C /* Frameworks */,
				A28D57B220C93B0A003DF36C /* Resources */,
			);
			buildRules = (
			);
			dependencies = (
			);
			name = imageProcessing;
			productName = imageProcessing;
			productReference = A28D57B420C93B0A003DF36C /* imageProcessing.app */;
			productType = "com.apple.product-type.application";
		};
/* End PBXNativeTarget section */

/* Begin PBXProject section */
		A28D57AC20C93B0A003DF36C /* Project object */ = {
			isa = PBXProject;
			attributes = {
				LastUpgradeCheck = 0920;
				ORGANIZATIONNAME = "汤义";
				TargetAttributes = {
					A28D57B320C93B0A003DF36C = {
						CreatedOnToolsVersion = 9.2;
						ProvisioningStyle = Automatic;
					};
				};
			};
			buildConfigurationList = A28D57AF20C93B0A003DF36C /* Build configuration list for PBXProject "imageProcessing" */;
			compatibilityVersion = "Xcode 8.0";
			developmentRegion = en;
			hasScannedForEncodings = 0;
			knownRegions = (
				en,
				Base,
			);
			mainGroup = A28D57AB20C93B0A003DF36C;
			productRefGroup = A28D57B520C93B0A003DF36C /* Products */;
			projectDirPath = "";
			projectRoot = "";
			targets = (
				A28D57B320C93B0A003DF36C /* imageProcessing */,
			);
		};
/* End PBXProject section */

/* Begin PBXResourcesBuildPhase section */
		A28D57B220C93B0A003DF36C /* Resources */ = {
			isa = PBXResourcesBuildPhase;
			buildActionMask = 2147483647;
			files = (
				A28D57C720C93B0A003DF36C /* LaunchScreen.storyboard in Resources */,
				A28D57C420C93B0A003DF36C /* Assets.xcassets in Resources */,
			);
			runOnlyForDeploymentPostprocessing = 0;
		};
/* End PBXResourcesBuildPhase section */

/* Begin PBXSourcesBuildPhase section */
		A28D57B020C93B0A003DF36C /* Sources */ = {
			isa = PBXSourcesBuildPhase;
			buildActionMask = 2147483647;
			files = (
				A28D57BC20C93B0A003DF36C /* ViewController.m in Sources */,
				A28D57C220C93B0A003DF36C /* imageProcessing.xcdatamodeld in Sources */,
				A28D57CA20C93B0A003DF36C /* main.m in Sources */,
				A28D57D220C93F5F003DF36C /* TYImageProcessingViewController.m in Sources */,
				A28D57B920C93B0A003DF36C /* AppDelegate.m in Sources */,
			);
			runOnlyForDeploymentPostprocessing = 0;
		};
/* End PBXSourcesBuildPhase section */

/* Begin PBXVariantGroup section */
		A28D57C520C93B0A003DF36C /* LaunchScreen.storyboard */ = {
			isa = PBXVariantGroup;
			children = (
				A28D57C620C93B0A003DF36C /* Base */,
			);
			name = LaunchScreen.storyboard;
			sourceTree = "<group>";
		};
/* End PBXVariantGroup section */

/* Begin XCBuildConfiguration section */
		A28D57CB20C93B0A003DF36C /* Debug */ = {
			isa = XCBuildConfiguration;
			buildSettings = {
				ALWAYS_SEARCH_USER_PATHS = NO;
				CLANG_ANALYZER_NONNULL = YES;
				CLANG_ANALYZER_NUMBER_OBJECT_CONVERSION = YES_AGGRESSIVE;
				CLANG_CXX_LANGUAGE_STANDARD = "gnu++14";
				CLANG_CXX_LIBRARY = "libc++";
				CLANG_ENABLE_MODULES = YES;
				CLANG_ENABLE_OBJC_ARC = YES;
				CLANG_WARN_BLOCK_CAPTURE_AUTORELEASING = YES;
				CLANG_WARN_BOOL_CONVERSION = YES;
				CLANG_WARN_COMMA = YES;
				CLANG_WARN_CONSTANT_CONVERSION = YES;
				CLANG_WARN_DIRECT_OBJC_ISA_USAGE = YES_ERROR;
				CLANG_WARN_DOCUMENTATION_COMMENTS = YES;
				CLANG_WARN_EMPTY_BODY = YES;
				CLANG_WARN_ENUM_CONVERSION = YES;
				CLANG_WARN_INFINITE_RECURSION = YES;
				CLANG_WARN_INT_CONVERSION = YES;
				CLANG_WARN_NON_LITERAL_NULL_CONVERSION = YES;
				CLANG_WARN_OBJC_LITERAL_CONVERSION = YES;
				CLANG_WARN_OBJC_ROOT_CLASS = YES_ERROR;
				CLANG_WARN_RANGE_LOOP_ANALYSIS = YES;
				CLANG_WARN_STRICT_PROTOTYPES = YES;
				CLANG_WARN_SUSPICIOUS_MOVE = YES;
				CLANG_WARN_UNGUARDED_AVAILABILITY = YES_AGGRESSIVE;
				CLANG_WARN_UNREACHABLE_CODE = YES;
				CLANG_WARN__DUPLICATE_METHOD_MATCH = YES;
				CODE_SIGN_IDENTITY = "iPhone Developer";
				COPY_PHASE_STRIP = NO;
				DEBUG_INFORMATION_FORMAT = dwarf;
				ENABLE_STRICT_OBJC_MSGSEND = YES;
				ENABLE_TESTABILITY = YES;
				GCC_C_LANGUAGE_STANDARD = gnu11;
				GCC_DYNAMIC_NO_PIC = NO;
				GCC_NO_COMMON_BLOCKS = YES;
				GCC_OPTIMIZATION_LEVEL = 0;
				GCC_PREPROCESSOR_DEFINITIONS = (
					"DEBUG=1",
					"$(inherited)",
				);
				GCC_WARN_64_TO_32_BIT_CONVERSION = YES;
				GCC_WARN_ABOUT_RETURN_TYPE = YES_ERROR;
				GCC_WARN_UNDECLARED_SELECTOR = YES;
				GCC_WARN_UNINITIALIZED_AUTOS = YES_AGGRESSIVE;
				GCC_WARN_UNUSED_FUNCTION = YES;
				GCC_WARN_UNUSED_VARIABLE = YES;
				IPHONEOS_DEPLOYMENT_TARGET = 11.2;
				MTL_ENABLE_DEBUG_INFO = YES;
				ONLY_ACTIVE_ARCH = YES;
				SDKROOT = iphoneos;
			};
			name = Debug;
		};
		A28D57CC20C93B0A003DF36C /* Release */ = {
			isa = XCBuildConfiguration;
			buildSettings = {
				ALWAYS_SEARCH_USER_PATHS = NO;
				CLANG_ANALYZER_NONNULL = YES;
				CLANG_ANALYZER_NUMBER_OBJECT_CONVERSION = YES_AGGRESSIVE;
				CLANG_CXX_LANGUAGE_STANDARD = "gnu++14";
				CLANG_CXX_LIBRARY = "libc++";
				CLANG_ENABLE_MODULES = YES;
				CLANG_ENABLE_OBJC_ARC = YES;
				CLANG_WARN_BLOCK_CAPTURE_AUTORELEASING = YES;
				CLANG_WARN_BOOL_CONVERSION = YES;
				CLANG_WARN_COMMA = YES;
				CLANG_WARN_CONSTANT_CONVERSION = YES;
				CLANG_WARN_DIRECT_OBJC_ISA_USAGE = YES_ERROR;
				CLANG_WARN_DOCUMENTATION_COMMENTS = YES;
				CLANG_WARN_EMPTY_BODY = YES;
				CLANG_WARN_ENUM_CONVERSION = YES;
				CLANG_WARN_INFINITE_RECURSION = YES;
				CLANG_WARN_INT_CONVERSION = YES;
				CLANG_WARN_NON_LITERAL_NULL_CONVERSION = YES;
				CLANG_WARN_OBJC_LITERAL_CONVERSION = YES;
				CLANG_WARN_OBJC_ROOT_CLASS = YES_ERROR;
				CLANG_WARN_RANGE_LOOP_ANALYSIS = YES;
				CLANG_WARN_STRICT_PROTOTYPES = YES;
				CLANG_WARN_SUSPICIOUS_MOVE = YES;
				CLANG_WARN_UNGUARDED_AVAILABILITY = YES_AGGRESSIVE;
				CLANG_WARN_UNREACHABLE_CODE = YES;
				CLANG_WARN__DUPLICATE_METHOD_MATCH = YES;
				CODE_SIGN_IDENTITY = "iPhone Developer";
				COPY_PHASE_STRIP = NO;
				DEBUG_INFORMATION_FORMAT = "dwarf-with-dsym";
				ENABLE_NS_ASSERTIONS = NO;
				ENABLE_STRICT_OBJC_MSGSEND = YES;
				GCC_C_LANGUAGE_STANDARD = gnu11;
				GCC_NO_COMMON_BLOCKS = YES;
				GCC_WARN_64_TO_32_BIT_CONVERSION = YES;
				GCC_WARN_ABOUT_RETURN_TYPE = YES_ERROR;
				GCC_WARN_UNDECLARED_SELECTOR = YES;
				GCC_WARN_UNINITIALIZED_AUTOS = YES_AGGRESSIVE;
				GCC_WARN_UNUSED_FUNCTION = YES;
				GCC_WARN_UNUSED_VARIABLE = YES;
				IPHONEOS_DEPLOYMENT_TARGET = 11.2;
				MTL_ENABLE_DEBUG_INFO = NO;
				SDKROOT = iphoneos;
				VALIDATE_PRODUCT = YES;
			};
			name = Release;
		};
		A28D57CE20C93B0A003DF36C /* Debug */ = {
			isa = XCBuildConfiguration;
			buildSettings = {
				ASSETCATALOG_COMPILER_APPICON_NAME = AppIcon;
				CODE_SIGN_STYLE = Automatic;
				DEVELOPMENT_TEAM = N5WRHCE748;
				INFOPLIST_FILE = imageProcessing/Info.plist;
				LD_RUNPATH_SEARCH_PATHS = "$(inherited) @executable_path/Frameworks";
				PRODUCT_BUNDLE_IDENTIFIER = "Users-xiyin-desktop-name-Get-image-processing.imageProcessing";
				PRODUCT_NAME = "$(TARGET_NAME)";
				TARGETED_DEVICE_FAMILY = "1,2";
			};
			name = Debug;
		};
		A28D57CF20C93B0A003DF36C /* Release */ = {
			isa = XCBuildConfiguration;
			buildSettings = {
				ASSETCATALOG_COMPILER_APPICON_NAME = AppIcon;
				CODE_SIGN_STYLE = Automatic;
				DEVELOPMENT_TEAM = N5WRHCE748;
				INFOPLIST_FILE = imageProcessing/Info.plist;
				LD_RUNPATH_SEARCH_PATHS = "$(inherited) @executable_path/Frameworks";
				PRODUCT_BUNDLE_IDENTIFIER = "Users-xiyin-desktop-name-Get-image-processing.imageProcessing";
				PRODUCT_NAME = "$(TARGET_NAME)";
				TARGETED_DEVICE_FAMILY = "1,2";
			};
			name = Release;
		};
/* End XCBuildConfiguration section */

/* Begin XCConfigurationList section */
		A28D57AF20C93B0A003DF36C /* Build configuration list for PBXProject "imageProcessing" */ = {
			isa = XCConfigurationList;
			buildConfigurations = (
				A28D57CB20C93B0A003DF36C /* Debug */,
				A28D57CC20C93B0A003DF36C /* Release */,
			);
			defaultConfigurationIsVisible = 0;
			defaultConfigurationName = Release;
		};
		A28D57CD20C93B0A003DF36C /* Build configuration list for PBXNativeTarget "imageProcessing" */ = {
			isa = XCConfigurationList;
			buildConfigurations = (
				A28D57CE20C93B0A003DF36C /* Debug */,
				A28D57CF20C93B0A003DF36C /* Release */,
			);
			defaultConfigurationIsVisible = 0;
			defaultConfigurationName = Release;
		};
/* End XCConfigurationList section */

/* Begin XCVersionGroup section */
		A28D57C020C93B0A003DF36C /* imageProcessing.xcdatamodeld */ = {
			isa = XCVersionGroup;
			children = (
				A28D57C120C93B0A003DF36C /* imageProcessing.xcdatamodel */,
			);
			currentVersion = A28D57C120C93B0A003DF36C /* imageProcessing.xcdatamodel */;
			path = imageProcessing.xcdatamodeld;
			sourceTree = "<group>";
			versionGroupType = wrapper.xcdatamodel;
		};
/* End XCVersionGroup section */
	};
	rootObject = A28D57AC20C93B0A003DF36C /* Project object */;
}
